{
  "requires": true,
  "lockfileVersion": 1,
  "dependencies": {
    "gitbook-plugin-hints": {
      "version": "1.0.2",
      "resolved": "http://mirrors.cloud.tencent.com/npm/gitbook-plugin-hints/-/gitbook-plugin-hints-1.0.2.tgz",
      "integrity": "sha1-5liZg+PqhHSfFtxjHigvr9Rew5s="
    },
    "gitbook-plugin-url-embed": {
      "version": "1.0.0",
      "resolved": "http://mirrors.cloud.tencent.com/npm/gitbook-plugin-url-embed/-/gitbook-plugin-url-embed-1.0.0.tgz",
      "integrity": "sha1-VkJug0+k8z/VtDcFPqx/9Ui+Xec=",
      "requires": {
        "lodash": "^4.0.0"
      }
    },
    "honkit-plugin-alert-msg": {
      "version": "0.0.2",
      "resolved": "https://mirrors.cloud.tencent.com/npm/honkit-plugin-alert-msg/-/honkit-plugin-alert-msg-0.0.2.tgz",
      "integrity": "sha512-Ee8p+lQrG2qAkpyGhx1/B80KO3uouJukRC5eZxfIE4VXjSTuQesaxzKc5fqAB9iH7kJ1pqYdxDxcNsOWHPGSOQ=="
    },
    "lodash": {
      "version": "4.17.21",
      "resolved": "http://mirrors.cloud.tencent.com/npm/lodash/-/lodash-4.17.21.tgz",
      "integrity": "sha1-Z5WRxWTDv/quhFTPCz3zcMPWkRw="
    }
  }
}
